// !$*UTF8*$!
{
	archiveVersion = 1;
	classes = {
	};
	objectVersion = 52;
	objects = {

/* Begin PBXBuildFile section */
		39782B91264937390040AE3A /* SwiftyJSON in Frameworks */ = {isa = PBXBuildFile; productRef = 39782B90264937390040AE3A /* SwiftyJSON */; };
		39782B93264937C00040AE3A /* FlightsList.swift in Sources */ = {isa = PBXBuildFile; fileRef = 39782B92264937C00040AE3A /* FlightsList.swift */; };
		397D810E2640980C001CA44D /* AppDelegate.swift in Sources */ = {isa = PBXBuildFile; fileRef = 397D810D2640980C001CA44D /* AppDelegate.swift */; };
		397D81102640980C001CA44D /* SceneDelegate.swift in Sources */ = {isa = PBXBuildFile; fileRef = 397D810F2640980C001CA44D /* SceneDelegate.swift */; };
		397D81122640980C001CA44D /* ContentView.swift in Sources */ = {isa = PBXBuildFile; fileRef = 397D81112640980C001CA44D /* ContentView.swift */; };
		397D81152640980C001CA44D /* CourseWork_Front.xcdatamodeld in Sources */ = {isa = PBXBuildFile; fileRef = 397D81132640980C001CA44D /* CourseWork_Front.xcdatamodeld */; };
		397D81172640980D001CA44D /* Assets.xcassets in Resources */ = {isa = PBXBuildFile; fileRef = 397D81162640980D001CA44D /* Assets.xcassets */; };
		397D811A2640980D001CA44D /* Preview Assets.xcassets in Resources */ = {isa = PBXBuildFile; fileRef = 397D81192640980D001CA44D /* Preview Assets.xcassets */; };
		397D811D2640980E001CA44D /* LaunchScreen.storyboard in Resources */ = {isa = PBXBuildFile; fileRef = 397D811B2640980E001CA44D /* LaunchScreen.storyboard */; };
		397D81252640A2D3001CA44D /* ConnectionHandler.swift in Sources */ = {isa = PBXBuildFile; fileRef = 397D81242640A2D3001CA44D /* ConnectionHandler.swift */; };
		397D81282640A390001CA44D /* Alamofire in Frameworks */ = {isa = PBXBuildFile; productRef = 397D81272640A390001CA44D /* Alamofire */; };
		397D812A2640A3D4001CA44D /* BuyTickets.swift in Sources */ = {isa = PBXBuildFile; fileRef = 397D81292640A3D4001CA44D /* BuyTickets.swift */; };
		397D812C2640AD72001CA44D /* EmployeesView.swift in Sources */ = {isa = PBXBuildFile; fileRef = 397D812B2640AD72001CA44D /* EmployeesView.swift */; };
		397D812E2640AD82001CA44D /* PlanesView.swift in Sources */ = {isa = PBXBuildFile; fileRef = 397D812D2640AD82001CA44D /* PlanesView.swift */; };
		397D81302640AD8E001CA44D /* BaggageView.swift in Sources */ = {isa = PBXBuildFile; fileRef = 397D812F2640AD8E001CA44D /* BaggageView.swift */; };
		397EA9BA2649DE3E0015F0F9 /* AddView.swift in Sources */ = {isa = PBXBuildFile; fileRef = 397EA9B92649DE3E0015F0F9 /* AddView.swift */; };
		399D0C0C2650152200B18B84 /* EmployeeView.swift in Sources */ = {isa = PBXBuildFile; fileRef = 399D0C0B2650152200B18B84 /* EmployeeView.swift */; };
		39B5F95F264C63CC002EBCDC /* Flight.swift in Sources */ = {isa = PBXBuildFile; fileRef = 39B5F95E264C63CC002EBCDC /* Flight.swift */; };
		39B5F961264C63E6002EBCDC /* Plane.swift in Sources */ = {isa = PBXBuildFile; fileRef = 39B5F960264C63E6002EBCDC /* Plane.swift */; };
		39B5F963264C657D002EBCDC /* Employee.swift in Sources */ = {isa = PBXBuildFile; fileRef = 39B5F962264C657D002EBCDC /* Employee.swift */; };
		39B5F965264C658C002EBCDC /* Baggage.swift in Sources */ = {isa = PBXBuildFile; fileRef = 39B5F964264C658C002EBCDC /* Baggage.swift */; };
/* End PBXBuildFile section */

/* Begin PBXFileReference section */
		39782B92264937C00040AE3A /* FlightsList.swift */ = {isa = PBXFileReference; lastKnownFileType = sourcecode.swift; path = FlightsList.swift; sourceTree = "<group>"; };
		397D810A2640980C001CA44D /* CourseWork_Front.app */ = {isa = PBXFileReference; explicitFileType = wrapper.application; includeInIndex = 0; path = CourseWork_Front.app; sourceTree = BUILT_PRODUCTS_DIR; };
		397D810D2640980C001CA44D /* AppDelegate.swift */ = {isa = PBXFileReference; lastKnownFileType = sourcecode.swift; path = AppDelegate.swift; sourceTree = "<group>"; };
		397D810F2640980C001CA44D /* SceneDelegate.swift */ = {isa = PBXFileReference; lastKnownFileType = sourcecode.swift; path = SceneDelegate.swift; sourceTree = "<group>"; };
		397D81112640980C001CA44D /* ContentView.swift */ = {isa = PBXFileReference; lastKnownFileType = sourcecode.swift; path = ContentView.swift; sourceTree = "<group>"; };
		397D81142640980C001CA44D /* CourseWork_Front.xcdatamodel */ = {isa = PBXFileReference; lastKnownFileType = wrapper.xcdatamodel; path = CourseWork_Front.xcdatamodel; sourceTree = "<group>"; };
		397D81162640980D001CA44D /* Assets.xcassets */ = {isa = PBXFileReference; lastKnownFileType = folder.assetcatalog; path = Assets.xcassets; sourceTree = "<group>"; };
		397D81192640980D001CA44D /* Preview Assets.xcassets */ = {isa = PBXFileReference; lastKnownFileType = folder.assetcatalog; path = "Preview Assets.xcassets"; sourceTree = "<group>"; };
		397D811C2640980E001CA44D /* Base */ = {isa = PBXFileReference; lastKnownFileType = file.storyboard; name = Base; path = Base.lproj/LaunchScreen.storyboard; sourceTree = "<group>"; };
		397D811E2640980E001CA44D /* Info.plist */ = {isa = PBXFileReference; lastKnownFileType = text.plist.xml; path = Info.plist; sourceTree = "<group>"; };
		397D81242640A2D3001CA44D /* ConnectionHandler.swift */ = {isa = PBXFileReference; lastKnownFileType = sourcecode.swift; path = ConnectionHandler.swift; sourceTree = "<group>"; };
		397D81292640A3D4001CA44D /* BuyTickets.swift */ = {isa = PBXFileReference; lastKnownFileType = sourcecode.swift; path = BuyTickets.swift; sourceTree = "<group>"; };
		397D812B2640AD72001CA44D /* EmployeesView.swift */ = {isa = PBXFileReference; lastKnownFileType = sourcecode.swift; path = EmployeesView.swift; sourceTree = "<group>"; };
		397D812D2640AD82001CA44D /* PlanesView.swift */ = {isa = PBXFileReference; lastKnownFileType = sourcecode.swift; path = PlanesView.swift; sourceTree = "<group>"; };
		397D812F2640AD8E001CA44D /* BaggageView.swift */ = {isa = PBXFileReference; lastKnownFileType = sourcecode.swift; path = BaggageView.swift; sourceTree = "<group>"; };
		397EA9B92649DE3E0015F0F9 /* AddView.swift */ = {isa = PBXFileReference; lastKnownFileType = sourcecode.swift; path = AddView.swift; sourceTree = "<group>"; };
		399D0C0B2650152200B18B84 /* EmployeeView.swift */ = {isa = PBXFileReference; lastKnownFileType = sourcecode.swift; path = EmployeeView.swift; sourceTree = "<group>"; };
		39B5F95E264C63CC002EBCDC /* Flight.swift */ = {isa = PBXFileReference; lastKnownFileType = sourcecode.swift; path = Flight.swift; sourceTree = "<group>"; };
		39B5F960264C63E6002EBCDC /* Plane.swift */ = {isa = PBXFileReference; lastKnownFileType = sourcecode.swift; path = Plane.swift; sourceTree = "<group>"; };
		39B5F962264C657D002EBCDC /* Employee.swift */ = {isa = PBXFileReference; lastKnownFileType = sourcecode.swift; path = Employee.swift; sourceTree = "<group>"; };
		39B5F964264C658C002EBCDC /* Baggage.swift */ = {isa = PBXFileReference; lastKnownFileType = sourcecode.swift; path = Baggage.swift; sourceTree = "<group>"; };
/* End PBXFileReference section */

/* Begin PBXFrameworksBuildPhase section */
		397D81072640980C001CA44D /* Frameworks */ = {
			isa = PBXFrameworksBuildPhase;
			buildActionMask = 2147483647;
			files = (
				39782B91264937390040AE3A /* SwiftyJSON in Frameworks */,
				397D81282640A390001CA44D /* Alamofire in Frameworks */,
			);
			runOnlyForDeploymentPostprocessing = 0;
		};
/* End PBXFrameworksBuildPhase section */

/* Begin PBXGroup section */
		39782B942649A7430040AE3A /* Tab Pages */ = {
			isa = PBXGroup;
			children = (
				397D812D2640AD82001CA44D /* PlanesView.swift */,
				397D812B2640AD72001CA44D /* EmployeesView.swift */,
				39782B92264937C00040AE3A /* FlightsList.swift */,
				397D812F2640AD8E001CA44D /* BaggageView.swift */,
			);
			path = "Tab Pages";
			sourceTree = "<group>";
		};
		39782B952649A7560040AE3A /* Sub Pages */ = {
			isa = PBXGroup;
			children = (
				397D81292640A3D4001CA44D /* BuyTickets.swift */,
				397EA9B92649DE3E0015F0F9 /* AddView.swift */,
			);
			path = "Sub Pages";
			sourceTree = "<group>";
		};
		397D81012640980C001CA44D = {
			isa = PBXGroup;
			children = (
				397D810C2640980C001CA44D /* CourseWork_Front */,
				397D810B2640980C001CA44D /* Products */,
			);
			sourceTree = "<group>";
		};
		397D810B2640980C001CA44D /* Products */ = {
			isa = PBXGroup;
			children = (
				397D810A2640980C001CA44D /* CourseWork_Front.app */,
			);
			name = Products;
			sourceTree = "<group>";
		};
		397D810C2640980C001CA44D /* CourseWork_Front */ = {
			isa = PBXGroup;
			children = (
				397D810D2640980C001CA44D /* AppDelegate.swift */,
				397D810F2640980C001CA44D /* SceneDelegate.swift */,
				397D81112640980C001CA44D /* ContentView.swift */,
				399D0C0A2650150C00B18B84 /* List Pages */,
				39B5F95D264C63B3002EBCDC /* Models */,
				39782B952649A7560040AE3A /* Sub Pages */,
				39782B942649A7430040AE3A /* Tab Pages */,
				397D81242640A2D3001CA44D /* ConnectionHandler.swift */,
				397D81162640980D001CA44D /* Assets.xcassets */,
				397D811B2640980E001CA44D /* LaunchScreen.storyboard */,
				397D811E2640980E001CA44D /* Info.plist */,
				397D81132640980C001CA44D /* CourseWork_Front.xcdatamodeld */,
				397D81182640980D001CA44D /* Preview Content */,
			);
			path = CourseWork_Front;
			sourceTree = "<group>";
		};
		397D81182640980D001CA44D /* Preview Content */ = {
			isa = PBXGroup;
			children = (
				397D81192640980D001CA44D /* Preview Assets.xcassets */,
			);
			path = "Preview Content";
			sourceTree = "<group>";
		};
		399D0C0A2650150C00B18B84 /* List Pages */ = {
			isa = PBXGroup;
			children = (
				399D0C0B2650152200B18B84 /* EmployeeView.swift */,
			);
			path = "List Pages";
			sourceTree = "<group>";
		};
		39B5F95D264C63B3002EBCDC /* Models */ = {
			isa = PBXGroup;
			children = (
				39B5F95E264C63CC002EBCDC /* Flight.swift */,
				39B5F960264C63E6002EBCDC /* Plane.swift */,
				39B5F962264C657D002EBCDC /* Employee.swift */,
				39B5F964264C658C002EBCDC /* Baggage.swift */,
			);
			path = Models;
			sourceTree = "<group>";
		};
/* End PBXGroup section */

/* Begin PBXNativeTarget section */
		397D81092640980C001CA44D /* CourseWork_Front */ = {
			isa = PBXNativeTarget;
			buildConfigurationList = 397D81212640980E001CA44D /* Build configuration list for PBXNativeTarget "CourseWork_Front" */;
			buildPhases = (
				397D81062640980C001CA44D /* Sources */,
				397D81072640980C001CA44D /* Frameworks */,
				397D81082640980C001CA44D /* Resources */,
			);
			buildRules = (
			);
			dependencies = (
			);
			name = CourseWork_Front;
			packageProductDependencies = (
				397D81272640A390001CA44D /* Alamofire */,
				39782B90264937390040AE3A /* SwiftyJSON */,
			);
			productName = CourseWork_Front;
			productReference = 397D810A2640980C001CA44D /* CourseWork_Front.app */;
			productType = "com.apple.product-type.application";
		};
/* End PBXNativeTarget section */

/* Begin PBXProject section */
		397D81022640980C001CA44D /* Project object */ = {
			isa = PBXProject;
			attributes = {
				LastSwiftUpdateCheck = 1250;
				LastUpgradeCheck = 1250;
				TargetAttributes = {
					397D81092640980C001CA44D = {
						CreatedOnToolsVersion = 12.5;
					};
				};
			};
			buildConfigurationList = 397D81052640980C001CA44D /* Build configuration list for PBXProject "CourseWork_Front" */;
			compatibilityVersion = "Xcode 9.3";
			developmentRegion = en;
			hasScannedForEncodings = 0;
			knownRegions = (
				en,
				Base,
			);
			mainGroup = 397D81012640980C001CA44D;
			packageReferences = (
				397D81262640A390001CA44D /* XCRemoteSwiftPackageReference "Alamofire" */,
				39782B8F264937390040AE3A /* XCRemoteSwiftPackageReference "SwiftyJSON" */,
			);
			productRefGroup = 397D810B2640980C001CA44D /* Products */;
			projectDirPath = "";
			projectRoot = "";
			targets = (
				397D81092640980C001CA44D /* CourseWork_Front */,
			);
		};
/* End PBXProject section */

/* Begin PBXResourcesBuildPhase section */
		397D81082640980C001CA44D /* Resources */ = {
			isa = PBXResourcesBuildPhase;
			buildActionMask = 2147483647;
			files = (
				397D811D2640980E001CA44D /* LaunchScreen.storyboard in Resources */,
				397D811A2640980D001CA44D /* Preview Assets.xcassets in Resources */,
				397D81172640980D001CA44D /* Assets.xcassets in Resources */,
			);
			runOnlyForDeploymentPostprocessing = 0;
		};
/* End PBXResourcesBuildPhase section */

/* Begin PBXSourcesBuildPhase section */
		397D81062640980C001CA44D /* Sources */ = {
			isa = PBXSourcesBuildPhase;
			buildActionMask = 2147483647;
			files = (
				397D81302640AD8E001CA44D /* BaggageView.swift in Sources */,
				397D810E2640980C001CA44D /* AppDelegate.swift in Sources */,
				397D812E2640AD82001CA44D /* PlanesView.swift in Sources */,
				39B5F965264C658C002EBCDC /* Baggage.swift in Sources */,
				39B5F963264C657D002EBCDC /* Employee.swift in Sources */,
				39B5F961264C63E6002EBCDC /* Plane.swift in Sources */,
				397D812C2640AD72001CA44D /* EmployeesView.swift in Sources */,
				397D81252640A2D3001CA44D /* ConnectionHandler.swift in Sources */,
				399D0C0C2650152200B18B84 /* EmployeeView.swift in Sources */,
				397D81152640980C001CA44D /* CourseWork_Front.xcdatamodeld in Sources */,
				397EA9BA2649DE3E0015F0F9 /* AddView.swift in Sources */,
				397D81102640980C001CA44D /* SceneDelegate.swift in Sources */,
				39782B93264937C00040AE3A /* FlightsList.swift in Sources */,
				39B5F95F264C63CC002EBCDC /* Flight.swift in Sources */,
				397D812A2640A3D4001CA44D /* BuyTickets.swift in Sources */,
				397D81122640980C001CA44D /* ContentView.swift in Sources */,
			);
			runOnlyForDeploymentPostprocessing = 0;
		};
/* End PBXSourcesBuildPhase section */

/* Begin PBXVariantGroup section */
		397D811B2640980E001CA44D /* LaunchScreen.storyboard */ = {
			isa = PBXVariantGroup;
			children = (
				397D811C2640980E001CA44D /* Base */,
			);
			name = LaunchScreen.storyboard;
			sourceTree = "<group>";
		};
/* End PBXVariantGroup section */

/* Begin XCBuildConfiguration section */
		397D811F2640980E001CA44D /* Debug */ = {
			isa = XCBuildConfiguration;
			buildSettings = {
				ALWAYS_SEARCH_USER_PATHS = NO;
				CLANG_ANALYZER_NONNULL = YES;
				CLANG_ANALYZER_NUMBER_OBJECT_CONVERSION = YES_AGGRESSIVE;
				CLANG_CXX_LANGUAGE_STANDARD = "gnu++14";
				CLANG_CXX_LIBRARY = "libc++";
				CLANG_ENABLE_MODULES = YES;
				CLANG_ENABLE_OBJC_ARC = YES;
				CLANG_ENABLE_OBJC_WEAK = YES;
				CLANG_WARN_BLOCK_CAPTURE_AUTORELEASING = YES;
				CLANG_WARN_BOOL_CONVERSION = YES;
				CLANG_WARN_COMMA = YES;
				CLANG_WARN_CONSTANT_CONVERSION = YES;
				CLANG_WARN_DEPRECATED_OBJC_IMPLEMENTATIONS = YES;
				CLANG_WARN_DIRECT_OBJC_ISA_USAGE = YES_ERROR;
				CLANG_WARN_DOCUMENTATION_COMMENTS = YES;
				CLANG_WARN_EMPTY_BODY = YES;
				CLANG_WARN_ENUM_CONVERSION = YES;
				CLANG_WARN_INFINITE_RECURSION = YES;
				CLANG_WARN_INT_CONVERSION = YES;
				CLANG_WARN_NON_LITERAL_NULL_CONVERSION = YES;
				CLANG_WARN_OBJC_IMPLICIT_RETAIN_SELF = YES;
				CLANG_WARN_OBJC_LITERAL_CONVERSION = YES;
				CLANG_WARN_OBJC_ROOT_CLASS = YES_ERROR;
				CLANG_WARN_QUOTED_INCLUDE_IN_FRAMEWORK_HEADER = YES;
				CLANG_WARN_RANGE_LOOP_ANALYSIS = YES;
				CLANG_WARN_STRICT_PROTOTYPES = YES;
				CLANG_WARN_SUSPICIOUS_MOVE = YES;
				CLANG_WARN_UNGUARDED_AVAILABILITY = YES_AGGRESSIVE;
				CLANG_WARN_UNREACHABLE_CODE = YES;
				CLANG_WARN__DUPLICATE_METHOD_MATCH = YES;
				COPY_PHASE_STRIP = NO;
				DEBUG_INFORMATION_FORMAT = dwarf;
				ENABLE_STRICT_OBJC_MSGSEND = YES;
				ENABLE_TESTABILITY = YES;
				GCC_C_LANGUAGE_STANDARD = gnu11;
				GCC_DYNAMIC_NO_PIC = NO;
				GCC_NO_COMMON_BLOCKS = YES;
				GCC_OPTIMIZATION_LEVEL = 0;
				GCC_PREPROCESSOR_DEFINITIONS = (
					"DEBUG=1",
					"$(inherited)",
				);
				GCC_WARN_64_TO_32_BIT_CONVERSION = YES;
				GCC_WARN_ABOUT_RETURN_TYPE = YES_ERROR;
				GCC_WARN_UNDECLARED_SELECTOR = YES;
				GCC_WARN_UNINITIALIZED_AUTOS = YES_AGGRESSIVE;
				GCC_WARN_UNUSED_FUNCTION = YES;
				GCC_WARN_UNUSED_VARIABLE = YES;
				IPHONEOS_DEPLOYMENT_TARGET = 14.5;
				MTL_ENABLE_DEBUG_INFO = INCLUDE_SOURCE;
				MTL_FAST_MATH = YES;
				ONLY_ACTIVE_ARCH = YES;
				SDKROOT = iphoneos;
				SWIFT_ACTIVE_COMPILATION_CONDITIONS = DEBUG;
				SWIFT_OPTIMIZATION_LEVEL = "-Onone";
			};
			name = Debug;
		};
		397D81202640980E001CA44D /* Release */ = {
			isa = XCBuildConfiguration;
			buildSettings = {
				ALWAYS_SEARCH_USER_PATHS = NO;
				CLANG_ANALYZER_NONNULL = YES;
				CLANG_ANALYZER_NUMBER_OBJECT_CONVERSION = YES_AGGRESSIVE;
				CLANG_CXX_LANGUAGE_STANDARD = "gnu++14";
				CLANG_CXX_LIBRARY = "libc++";
				CLANG_ENABLE_MODULES = YES;
				CLANG_ENABLE_OBJC_ARC = YES;
				CLANG_ENABLE_OBJC_WEAK = YES;
				CLANG_WARN_BLOCK_CAPTURE_AUTORELEASING = YES;
				CLANG_WARN_BOOL_CONVERSION = YES;
				CLANG_WARN_COMMA = YES;
				CLANG_WARN_CONSTANT_CONVERSION = YES;
				CLANG_WARN_DEPRECATED_OBJC_IMPLEMENTATIONS = YES;
				CLANG_WARN_DIRECT_OBJC_ISA_USAGE = YES_ERROR;
				CLANG_WARN_DOCUMENTATION_COMMENTS = YES;
				CLANG_WARN_EMPTY_BODY = YES;
				CLANG_WARN_ENUM_CONVERSION = YES;
				CLANG_WARN_INFINITE_RECURSION = YES;
				CLANG_WARN_INT_CONVERSION = YES;
				CLANG_WARN_NON_LITERAL_NULL_CONVERSION = YES;
				CLANG_WARN_OBJC_IMPLICIT_RETAIN_SELF = YES;
				CLANG_WARN_OBJC_LITERAL_CONVERSION = YES;
				CLANG_WARN_OBJC_ROOT_CLASS = YES_ERROR;
				CLANG_WARN_QUOTED_INCLUDE_IN_FRAMEWORK_HEADER = YES;
				CLANG_WARN_RANGE_LOOP_ANALYSIS = YES;
				CLANG_WARN_STRICT_PROTOTYPES = YES;
				CLANG_WARN_SUSPICIOUS_MOVE = YES;
				CLANG_WARN_UNGUARDED_AVAILABILITY = YES_AGGRESSIVE;
				CLANG_WARN_UNREACHABLE_CODE = YES;
				CLANG_WARN__DUPLICATE_METHOD_MATCH = YES;
				COPY_PHASE_STRIP = NO;
				DEBUG_INFORMATION_FORMAT = "dwarf-with-dsym";
				ENABLE_NS_ASSERTIONS = NO;
				ENABLE_STRICT_OBJC_MSGSEND = YES;
				GCC_C_LANGUAGE_STANDARD = gnu11;
				GCC_NO_COMMON_BLOCKS = YES;
				GCC_WARN_64_TO_32_BIT_CONVERSION = YES;
				GCC_WARN_ABOUT_RETURN_TYPE = YES_ERROR;
				GCC_WARN_UNDECLARED_SELECTOR = YES;
				GCC_WARN_UNINITIALIZED_AUTOS = YES_AGGRESSIVE;
				GCC_WARN_UNUSED_FUNCTION = YES;
				GCC_WARN_UNUSED_VARIABLE = YES;
				IPHONEOS_DEPLOYMENT_TARGET = 14.5;
				MTL_ENABLE_DEBUG_INFO = NO;
				MTL_FAST_MATH = YES;
				SDKROOT = iphoneos;
				SWIFT_COMPILATION_MODE = wholemodule;
				SWIFT_OPTIMIZATION_LEVEL = "-O";
				VALIDATE_PRODUCT = YES;
			};
			name = Release;
		};
		397D81222640980E001CA44D /* Debug */ = {
			isa = XCBuildConfiguration;
			buildSettings = {
				ASSETCATALOG_COMPILER_APPICON_NAME = AppIcon;
				ASSETCATALOG_COMPILER_GLOBAL_ACCENT_COLOR_NAME = AccentColor;
				CODE_SIGN_STYLE = Automatic;
				DEVELOPMENT_ASSET_PATHS = "\"CourseWork_Front/Preview Content\"";
				DEVELOPMENT_TEAM = 282LL3H7A6;
				ENABLE_PREVIEWS = YES;
				INFOPLIST_FILE = CourseWork_Front/Info.plist;
				LD_RUNPATH_SEARCH_PATHS = (
					"$(inherited)",
					"@executable_path/Frameworks",
				);
				PRODUCT_BUNDLE_IDENTIFIER = "thegalkin.CourseWork-Front";
				PRODUCT_NAME = "$(TARGET_NAME)";
				SWIFT_VERSION = 5.0;
				TARGETED_DEVICE_FAMILY = "1,2";
			};
			name = Debug;
		};
		397D81232640980E001CA44D /* Release */ = {
			isa = XCBuildConfiguration;
			buildSettings = {
				ASSETCATALOG_COMPILER_APPICON_NAME = AppIcon;
				ASSETCATALOG_COMPILER_GLOBAL_ACCENT_COLOR_NAME = AccentColor;
				CODE_SIGN_STYLE = Automatic;
				DEVELOPMENT_ASSET_PATHS = "\"CourseWork_Front/Preview Content\"";
				DEVELOPMENT_TEAM = 282LL3H7A6;
				ENABLE_PREVIEWS = YES;
				INFOPLIST_FILE = CourseWork_Front/Info.plist;
				LD_RUNPATH_SEARCH_PATHS = (
					"$(inherited)",
					"@executable_path/Frameworks",
				);
				PRODUCT_BUNDLE_IDENTIFIER = "thegalkin.CourseWork-Front";
				PRODUCT_NAME = "$(TARGET_NAME)";
				SWIFT_VERSION = 5.0;
				TARGETED_DEVICE_FAMILY = "1,2";
			};
			name = Release;
		};
/* End XCBuildConfiguration section */

/* Begin XCConfigurationList section */
		397D81052640980C001CA44D /* Build configuration list for PBXProject "CourseWork_Front" */ = {
			isa = XCConfigurationList;
			buildConfigurations = (
				397D811F2640980E001CA44D /* Debug */,
				397D81202640980E001CA44D /* Release */,
			);
			defaultConfigurationIsVisible = 0;
			defaultConfigurationName = Release;
		};
		397D81212640980E001CA44D /* Build configuration list for PBXNativeTarget "CourseWork_Front" */ = {
			isa = XCConfigurationList;
			buildConfigurations = (
				397D81222640980E001CA44D /* Debug */,
				397D81232640980E001CA44D /* Release */,
			);
			defaultConfigurationIsVisible = 0;
			defaultConfigurationName = Release;
		};
/* End XCConfigurationList section */

/* Begin XCRemoteSwiftPackageReference section */
		39782B8F264937390040AE3A /* XCRemoteSwiftPackageReference "SwiftyJSON" */ = {
			isa = XCRemoteSwiftPackageReference;
			repositoryURL = "https://github.com/SwiftyJSON/SwiftyJSON.git";
			requirement = {
				kind = upToNextMajorVersion;
				minimumVersion = 5.0.1;
			};
		};
		397D81262640A390001CA44D /* XCRemoteSwiftPackageReference "Alamofire" */ = {
			isa = XCRemoteSwiftPackageReference;
			repositoryURL = "https://github.com/Alamofire/Alamofire.git";
			requirement = {
				kind = upToNextMajorVersion;
				minimumVersion = 5.4.3;
			};
		};
/* End XCRemoteSwiftPackageReference section */

/* Begin XCSwiftPackageProductDependency section */
		39782B90264937390040AE3A /* SwiftyJSON */ = {
			isa = XCSwiftPackageProductDependency;
			package = 39782B8F264937390040AE3A /* XCRemoteSwiftPackageReference "SwiftyJSON" */;
			productName = SwiftyJSON;
		};
		397D81272640A390001CA44D /* Alamofire */ = {
			isa = XCSwiftPackageProductDependency;
			package = 397D81262640A390001CA44D /* XCRemoteSwiftPackageReference "Alamofire" */;
			productName = Alamofire;
		};
/* End XCSwiftPackageProductDependency section */

/* Begin XCVersionGroup section */
		397D81132640980C001CA44D /* CourseWork_Front.xcdatamodeld */ = {
			isa = XCVersionGroup;
			children = (
				397D81142640980C001CA44D /* CourseWork_Front.xcdatamodel */,
			);
			currentVersion = 397D81142640980C001CA44D /* CourseWork_Front.xcdatamodel */;
			path = CourseWork_Front.xcdatamodeld;
			sourceTree = "<group>";
			versionGroupType = wrapper.xcdatamodel;
		};
/* End XCVersionGroup section */
	};
	rootObject = 397D81022640980C001CA44D /* Project object */;
}
